
Microsoft Visual Studio Solution File, Format Version 12.00
# Visual Studio Version 16
VisualStudioVersion = 16.0.29806.167
MinimumVisualStudioVersion = 10.0.40219.1
Project("{FAE04EC0-301F-11D3-BF4B-00C04F79EFBC}") = "TestReactApplication", "TestReactApplication\TestReactApplication.csproj", "{CA3098B4-2592-4B60-ADB5-7EA331664EEA}"
EndProject
Global
	GlobalSection(SolutionConfigurationPlatforms) = preSolution
		Debug|Any CPU = Debug|Any CPU
		Release|Any CPU = Release|Any CPU
	EndGlobalSection
	GlobalSection(ProjectConfigurationPlatforms) = postSolution
		{CA3098B4-2592-4B60-ADB5-7EA331664EEA}.Debug|Any CPU.ActiveCfg = Debug|Any CPU
		{CA3098B4-2592-4B60-ADB5-7EA331664EEA}.Debug|Any CPU.Build.0 = Debug|Any CPU
		{CA3098B4-2592-4B60-ADB5-7EA331664EEA}.Release|Any CPU.ActiveCfg = Release|Any CPU
		{CA3098B4-2592-4B60-ADB5-7EA331664EEA}.Release|Any CPU.Build.0 = Release|Any CPU
	EndGlobalSection
	GlobalSection(SolutionProperties) = preSolution
		HideSolutionNode = FALSE
	EndGlobalSection
	GlobalSection(ExtensibilityGlobals) = postSolution
		SolutionGuid = {BD70F7E4-5AA5-4990-BBF3-5BB9788D1720}
	EndGlobalSection
EndGlobal
